// !$*UTF8*$!
{
	archiveVersion = 1;
	classes = {
	};
	objectVersion = 77;
	objects = {

/* Begin PBXBuildFile section */
		0254D931981900D205555303 /* Move.swift in Sources */ = {isa = PBXBuildFile; fileRef = D391B660E45BDD8A34059420 /* Move.swift */; };
		06381425517F0049C01BE7F1 /* ClearRecord.swift in Sources */ = {isa = PBXBuildFile; fileRef = 3C2705C5C74EFDC87CE7F42D /* ClearRecord.swift */; };
		0A64F072ABE1E01EF35B9985 /* TutorialView.swift in Sources */ = {isa = PBXBuildFile; fileRef = 91448362BD62CB917578D429 /* TutorialView.swift */; };
		0AB3CC1F9B990454A7755412 /* Assets.xcassets in Resources */ = {isa = PBXBuildFile; fileRef = AC174F02347B811CDAF49C40 /* Assets.xcassets */; };
		0FACBF69A1BD43E425DD1DEC /* View+Extensions.swift in Sources */ = {isa = PBXBuildFile; fileRef = F219F8AB618D65A4D447A026 /* View+Extensions.swift */; };
		2247DA29253726FFC02F390E /* Constants.swift in Sources */ = {isa = PBXBuildFile; fileRef = 6CFB2906B83EFB7B8226DA22 /* Constants.swift */; };
		22C56CBA3F4C5BA360586F73 /* GameRepository.swift in Sources */ = {isa = PBXBuildFile; fileRef = FCD228BBFC56DC0CAD99A795 /* GameRepository.swift */; };
		25157F454CBAFD230989F7F3 /* GameState.swift in Sources */ = {isa = PBXBuildFile; fileRef = BE665527F0B4D3068C25F9F6 /* GameState.swift */; };
		2A093EFF82FE976B5AAB8B18 /* GameProgress.swift in Sources */ = {isa = PBXBuildFile; fileRef = 58162831A0FD273BE9EC8028 /* GameProgress.swift */; };
		2BA20028ABFA403E5D177FF4 /* AchievementRepository.swift in Sources */ = {isa = PBXBuildFile; fileRef = 6CD4ECFFBEBC98BD9A4D452E /* AchievementRepository.swift */; };
		2E18FC5B4AD1ECB71211BEE8 /* HomeViewModel.swift in Sources */ = {isa = PBXBuildFile; fileRef = CC970901658A588A59F223FC /* HomeViewModel.swift */; };
		4CC2B0A774AF94B8FFD4CCC5 /* LevelSelectViewModel.swift in Sources */ = {isa = PBXBuildFile; fileRef = 8E9B2A82F2B31E51BF7D73DC /* LevelSelectViewModel.swift */; };
		4F130C99DBF7C1D28816660E /* AchievementRecord.swift in Sources */ = {isa = PBXBuildFile; fileRef = FD65A3F1207156B33E185C3E /* AchievementRecord.swift */; };
		51B5D5A5EFF65D8A760A00BE /* Cell.swift in Sources */ = {isa = PBXBuildFile; fileRef = 0D34833362C144EF9C32E78C /* Cell.swift */; };
		580AE18C75B73850C4EEC39E /* PuzzleGeneratorTests.swift in Sources */ = {isa = PBXBuildFile; fileRef = 3B08568ECDD7E4BD65742D64 /* PuzzleGeneratorTests.swift */; };
		5A1B2C3D4E5F6A7B8C9D0E1F /* GameStateTests.swift in Sources */ = {isa = PBXBuildFile; fileRef = A1B2C3D4E5F6A7B8C9D0E1F2 /* GameStateTests.swift */; };
		5AD7DC03E0B80B1E0C1C6E87 /* SettingsViewModel.swift in Sources */ = {isa = PBXBuildFile; fileRef = ADAFA4DF2B29BEC9FAA92D8E /* SettingsViewModel.swift */; };
		619B04FD4AB60C63E3430935 /* AccessibilityMode.swift in Sources */ = {isa = PBXBuildFile; fileRef = A5391E23997F555059DA0ED1 /* AccessibilityMode.swift */; };
		64744C698C86EA4C963B3CDA /* TutorialViewModel.swift in Sources */ = {isa = PBXBuildFile; fileRef = F372E4735C34C307E5634083 /* TutorialViewModel.swift */; };
		6A32E7A5EE0E83EC11A62E62 /* PuzzleValidatorTests.swift in Sources */ = {isa = PBXBuildFile; fileRef = 1CA1D94A9ED367F9ED4F5096 /* PuzzleValidatorTests.swift */; };
		71184361FFD2A5A6615B81E8 /* GameView.swift in Sources */ = {isa = PBXBuildFile; fileRef = 13CAB4BB5D9F79135007F30A /* GameView.swift */; };
		789C854DA7261E0F6F1AC847 /* FontManager.swift in Sources */ = {isa = PBXBuildFile; fileRef = 4F7C6ABAE566B08DEEAEDF4E /* FontManager.swift */; };
		8B6D226573A4D4EE53B5501B /* AchievementsView.swift in Sources */ = {isa = PBXBuildFile; fileRef = CE13FBDB0C52A4F87E4B63EB /* AchievementsView.swift */; };
		8D2A55449C7CFFBAFBDDC044 /* Achievement.swift in Sources */ = {isa = PBXBuildFile; fileRef = 395886910B2CD1D01B3F84FB /* Achievement.swift */; };
		8E1626BD8A567336A373FD08 /* HintEngine.swift in Sources */ = {isa = PBXBuildFile; fileRef = C751E4740C807D4E9EBC5796 /* HintEngine.swift */; };
		A857E589AE9F8A7D21584AA7 /* PuzzleValidator.swift in Sources */ = {isa = PBXBuildFile; fileRef = CA813C5665AF1A42F669AB36 /* PuzzleValidator.swift */; };
		AFDDDC674584DEF50EBFBE35 /* UserSettings.swift in Sources */ = {isa = PBXBuildFile; fileRef = 959EBAC873C7AFCB70FD0A15 /* UserSettings.swift */; };
		B1C2D3E4F5A6B7C8D9E0F1A2 /* HintEngineTests.swift in Sources */ = {isa = PBXBuildFile; fileRef = C2D3E4F5A6B7C8D9E0F1A2B3 /* HintEngineTests.swift */; };
		B38154BC68A86A3BE3A67989 /* PuzzlePresets.json in Resources */ = {isa = PBXBuildFile; fileRef = EFC1FDCAC281B1A4399E1AB1 /* PuzzlePresets.json */; };
		B4D22837A1891B44FDBDD43F /* IroPreApp.swift in Sources */ = {isa = PBXBuildFile; fileRef = 920F14666D46C59A5B096E01 /* IroPreApp.swift */; };
		B8F06F0B7F1FDDEA9D91DEC4 /* PauseOverlayView.swift in Sources */ = {isa = PBXBuildFile; fileRef = A266F5B4F57C6F29480365F8 /* PauseOverlayView.swift */; };
		BB11223344556677889900BB /* SplashView.swift in Sources */ = {isa = PBXBuildFile; fileRef = AA11223344556677889900AA /* SplashView.swift */; };
		BD9770C6A898070066303A6E /* LevelSelectView.swift in Sources */ = {isa = PBXBuildFile; fileRef = 55027E64AE296BE7A654137F /* LevelSelectView.swift */; };
		C3A2E4E434591BC8F98EE526 /* HomeView.swift in Sources */ = {isa = PBXBuildFile; fileRef = CC652166869B9ECAF930C768 /* HomeView.swift */; };
		C58DFA0A3ECDF1EA0D40B7E4 /* TimeInterval+Extensions.swift in Sources */ = {isa = PBXBuildFile; fileRef = DFD467437CBCECD248438401 /* TimeInterval+Extensions.swift */; };
		CA496F9F51B4D19CF04EE698 /* SettingsView.swift in Sources */ = {isa = PBXBuildFile; fileRef = 398B3CCAD520B9D60916C3E5 /* SettingsView.swift */; };
		CDE36DEBF82744CC02BCB5CC /* SwiftDataManager.swift in Sources */ = {isa = PBXBuildFile; fileRef = 71F55FFE3EBB1AB1806167AC /* SwiftDataManager.swift */; };
		DB7BC6A4A080EEDBC59135AC /* PuzzleGenerator.swift in Sources */ = {isa = PBXBuildFile; fileRef = 3A7FCFA06C01B64CB695BCBD /* PuzzleGenerator.swift */; };
		DBD3E8BEBE880D794928E048 /* BoardView.swift in Sources */ = {isa = PBXBuildFile; fileRef = FCF26098B3A3ED41A6BA9082 /* BoardView.swift */; };
		DD11223344556677889900DD /* HapticsManager.swift in Sources */ = {isa = PBXBuildFile; fileRef = CC11223344556677889900CC /* HapticsManager.swift */; };
		E312DF0CA2C885F1CB6809BF /* ColorPalette.swift in Sources */ = {isa = PBXBuildFile; fileRef = DEF6F8A34B7A9FAB51D07F80 /* ColorPalette.swift */; };
		E70B6EF0871301BBBD84E7CB /* ContentView.swift in Sources */ = {isa = PBXBuildFile; fileRef = 5ED9B290DA18511D97397681 /* ContentView.swift */; };
		EABE40D126323676EA86A8A0 /* Puzzle.swift in Sources */ = {isa = PBXBuildFile; fileRef = FB139849E1831F0EA2B417ED /* Puzzle.swift */; };
		EB707C45B97789C0BCDCA6E2 /* AchievementsViewModel.swift in Sources */ = {isa = PBXBuildFile; fileRef = A4583AD37DD497742033F00D /* AchievementsViewModel.swift */; };
		EFE8E63D7E2998D6177E0309 /* PaletteView.swift in Sources */ = {isa = PBXBuildFile; fileRef = 531BFC910409E6DEDCED1E7F /* PaletteView.swift */; };
		FC430B5479969F86CE965BFE /* GameViewModel.swift in Sources */ = {isa = PBXBuildFile; fileRef = 25D147F194AC53A3A3549FB7 /* GameViewModel.swift */; };
		FF11223344556677889900FF /* SoundManager.swift in Sources */ = {isa = PBXBuildFile; fileRef = EE11223344556677889900EE /* SoundManager.swift */; };
/* End PBXBuildFile section */

/* Begin PBXContainerItemProxy section */
		A6012470A826B30FA5530247 /* PBXContainerItemProxy */ = {
			isa = PBXContainerItemProxy;
			containerPortal = 222A0D9A7BB68A6E4385ECAA /* Project object */;
			proxyType = 1;
			remoteGlobalIDString = 98E5B9EFF24CA1783975DB8A;
			remoteInfo = IroPre;
		};
/* End PBXContainerItemProxy section */

/* Begin PBXFileReference section */
		0D34833362C144EF9C32E78C /* Cell.swift */ = {isa = PBXFileReference; lastKnownFileType = sourcecode.swift; path = Cell.swift; sourceTree = "<group>"; };
		13CAB4BB5D9F79135007F30A /* GameView.swift */ = {isa = PBXFileReference; lastKnownFileType = sourcecode.swift; path = GameView.swift; sourceTree = "<group>"; };
		1CA1D94A9ED367F9ED4F5096 /* PuzzleValidatorTests.swift */ = {isa = PBXFileReference; lastKnownFileType = sourcecode.swift; path = PuzzleValidatorTests.swift; sourceTree = "<group>"; };
		25D147F194AC53A3A3549FB7 /* GameViewModel.swift */ = {isa = PBXFileReference; lastKnownFileType = sourcecode.swift; path = GameViewModel.swift; sourceTree = "<group>"; };
		395886910B2CD1D01B3F84FB /* Achievement.swift */ = {isa = PBXFileReference; lastKnownFileType = sourcecode.swift; path = Achievement.swift; sourceTree = "<group>"; };
		398B3CCAD520B9D60916C3E5 /* SettingsView.swift */ = {isa = PBXFileReference; lastKnownFileType = sourcecode.swift; path = SettingsView.swift; sourceTree = "<group>"; };
		3A7FCFA06C01B64CB695BCBD /* PuzzleGenerator.swift */ = {isa = PBXFileReference; lastKnownFileType = sourcecode.swift; path = PuzzleGenerator.swift; sourceTree = "<group>"; };
		3B08568ECDD7E4BD65742D64 /* PuzzleGeneratorTests.swift */ = {isa = PBXFileReference; lastKnownFileType = sourcecode.swift; path = PuzzleGeneratorTests.swift; sourceTree = "<group>"; };
		3C2705C5C74EFDC87CE7F42D /* ClearRecord.swift */ = {isa = PBXFileReference; lastKnownFileType = sourcecode.swift; path = ClearRecord.swift; sourceTree = "<group>"; };
		41713886E6D05110E8128819 /* Info.plist */ = {isa = PBXFileReference; lastKnownFileType = text.plist; path = Info.plist; sourceTree = "<group>"; };
		4F7C6ABAE566B08DEEAEDF4E /* FontManager.swift */ = {isa = PBXFileReference; lastKnownFileType = sourcecode.swift; path = FontManager.swift; sourceTree = "<group>"; };
		531BFC910409E6DEDCED1E7F /* PaletteView.swift */ = {isa = PBXFileReference; lastKnownFileType = sourcecode.swift; path = PaletteView.swift; sourceTree = "<group>"; };
		55027E64AE296BE7A654137F /* LevelSelectView.swift */ = {isa = PBXFileReference; lastKnownFileType = sourcecode.swift; path = LevelSelectView.swift; sourceTree = "<group>"; };
		58162831A0FD273BE9EC8028 /* GameProgress.swift */ = {isa = PBXFileReference; lastKnownFileType = sourcecode.swift; path = GameProgress.swift; sourceTree = "<group>"; };
		5ED9B290DA18511D97397681 /* ContentView.swift */ = {isa = PBXFileReference; lastKnownFileType = sourcecode.swift; path = ContentView.swift; sourceTree = "<group>"; };
		6CD4ECFFBEBC98BD9A4D452E /* AchievementRepository.swift */ = {isa = PBXFileReference; lastKnownFileType = sourcecode.swift; path = AchievementRepository.swift; sourceTree = "<group>"; };
		6CFB2906B83EFB7B8226DA22 /* Constants.swift */ = {isa = PBXFileReference; lastKnownFileType = sourcecode.swift; path = Constants.swift; sourceTree = "<group>"; };
		71F55FFE3EBB1AB1806167AC /* SwiftDataManager.swift */ = {isa = PBXFileReference; lastKnownFileType = sourcecode.swift; path = SwiftDataManager.swift; sourceTree = "<group>"; };
		8E9B2A82F2B31E51BF7D73DC /* LevelSelectViewModel.swift */ = {isa = PBXFileReference; lastKnownFileType = sourcecode.swift; path = LevelSelectViewModel.swift; sourceTree = "<group>"; };
		91448362BD62CB917578D429 /* TutorialView.swift */ = {isa = PBXFileReference; lastKnownFileType = sourcecode.swift; path = TutorialView.swift; sourceTree = "<group>"; };
		920F14666D46C59A5B096E01 /* IroPreApp.swift */ = {isa = PBXFileReference; lastKnownFileType = sourcecode.swift; path = IroPreApp.swift; sourceTree = "<group>"; };
		9509BEC50D2025C8DC7D9605 /* IroPreTests.xctest */ = {isa = PBXFileReference; explicitFileType = wrapper.cfbundle; includeInIndex = 0; path = IroPreTests.xctest; sourceTree = BUILT_PRODUCTS_DIR; };
		959EBAC873C7AFCB70FD0A15 /* UserSettings.swift */ = {isa = PBXFileReference; lastKnownFileType = sourcecode.swift; path = UserSettings.swift; sourceTree = "<group>"; };
		A1B2C3D4E5F6A7B8C9D0E1F2 /* GameStateTests.swift */ = {isa = PBXFileReference; lastKnownFileType = sourcecode.swift; path = GameStateTests.swift; sourceTree = "<group>"; };
		A266F5B4F57C6F29480365F8 /* PauseOverlayView.swift */ = {isa = PBXFileReference; lastKnownFileType = sourcecode.swift; path = PauseOverlayView.swift; sourceTree = "<group>"; };
		A4583AD37DD497742033F00D /* AchievementsViewModel.swift */ = {isa = PBXFileReference; lastKnownFileType = sourcecode.swift; path = AchievementsViewModel.swift; sourceTree = "<group>"; };
		A5391E23997F555059DA0ED1 /* AccessibilityMode.swift */ = {isa = PBXFileReference; lastKnownFileType = sourcecode.swift; path = AccessibilityMode.swift; sourceTree = "<group>"; };
		AA11223344556677889900AA /* SplashView.swift */ = {isa = PBXFileReference; lastKnownFileType = sourcecode.swift; path = SplashView.swift; sourceTree = "<group>"; };
		AC174F02347B811CDAF49C40 /* Assets.xcassets */ = {isa = PBXFileReference; lastKnownFileType = folder.assetcatalog; path = Assets.xcassets; sourceTree = "<group>"; };
		ADAFA4DF2B29BEC9FAA92D8E /* SettingsViewModel.swift */ = {isa = PBXFileReference; lastKnownFileType = sourcecode.swift; path = SettingsViewModel.swift; sourceTree = "<group>"; };
		BE665527F0B4D3068C25F9F6 /* GameState.swift */ = {isa = PBXFileReference; lastKnownFileType = sourcecode.swift; path = GameState.swift; sourceTree = "<group>"; };
		C2D3E4F5A6B7C8D9E0F1A2B3 /* HintEngineTests.swift */ = {isa = PBXFileReference; lastKnownFileType = sourcecode.swift; path = HintEngineTests.swift; sourceTree = "<group>"; };
		C4548B8850BC9EA32EC7B002 /* IroPre.app */ = {isa = PBXFileReference; explicitFileType = wrapper.application; includeInIndex = 0; path = IroPre.app; sourceTree = BUILT_PRODUCTS_DIR; };
		C751E4740C807D4E9EBC5796 /* HintEngine.swift */ = {isa = PBXFileReference; lastKnownFileType = sourcecode.swift; path = HintEngine.swift; sourceTree = "<group>"; };
		CA813C5665AF1A42F669AB36 /* PuzzleValidator.swift */ = {isa = PBXFileReference; lastKnownFileType = sourcecode.swift; path = PuzzleValidator.swift; sourceTree = "<group>"; };
		CC11223344556677889900CC /* HapticsManager.swift */ = {isa = PBXFileReference; lastKnownFileType = sourcecode.swift; path = HapticsManager.swift; sourceTree = "<group>"; };
		CC652166869B9ECAF930C768 /* HomeView.swift */ = {isa = PBXFileReference; lastKnownFileType = sourcecode.swift; path = HomeView.swift; sourceTree = "<group>"; };
		CC970901658A588A59F223FC /* HomeViewModel.swift */ = {isa = PBXFileReference; lastKnownFileType = sourcecode.swift; path = HomeViewModel.swift; sourceTree = "<group>"; };
		CE13FBDB0C52A4F87E4B63EB /* AchievementsView.swift */ = {isa = PBXFileReference; lastKnownFileType = sourcecode.swift; path = AchievementsView.swift; sourceTree = "<group>"; };
		D391B660E45BDD8A34059420 /* Move.swift */ = {isa = PBXFileReference; lastKnownFileType = sourcecode.swift; path = Move.swift; sourceTree = "<group>"; };
		DEF6F8A34B7A9FAB51D07F80 /* ColorPalette.swift */ = {isa = PBXFileReference; lastKnownFileType = sourcecode.swift; path = ColorPalette.swift; sourceTree = "<group>"; };
		DFD467437CBCECD248438401 /* TimeInterval+Extensions.swift */ = {isa = PBXFileReference; lastKnownFileType = sourcecode.swift; path = "TimeInterval+Extensions.swift"; sourceTree = "<group>"; };
		EE11223344556677889900EE /* SoundManager.swift */ = {isa = PBXFileReference; lastKnownFileType = sourcecode.swift; path = SoundManager.swift; sourceTree = "<group>"; };
		EFC1FDCAC281B1A4399E1AB1 /* PuzzlePresets.json */ = {isa = PBXFileReference; lastKnownFileType = text.json; path = PuzzlePresets.json; sourceTree = "<group>"; };
		F219F8AB618D65A4D447A026 /* View+Extensions.swift */ = {isa = PBXFileReference; lastKnownFileType = sourcecode.swift; path = "View+Extensions.swift"; sourceTree = "<group>"; };
		F372E4735C34C307E5634083 /* TutorialViewModel.swift */ = {isa = PBXFileReference; lastKnownFileType = sourcecode.swift; path = TutorialViewModel.swift; sourceTree = "<group>"; };
		FB139849E1831F0EA2B417ED /* Puzzle.swift */ = {isa = PBXFileReference; lastKnownFileType = sourcecode.swift; path = Puzzle.swift; sourceTree = "<group>"; };
		FCD228BBFC56DC0CAD99A795 /* GameRepository.swift */ = {isa = PBXFileReference; lastKnownFileType = sourcecode.swift; path = GameRepository.swift; sourceTree = "<group>"; };
		FCF26098B3A3ED41A6BA9082 /* BoardView.swift */ = {isa = PBXFileReference; lastKnownFileType = sourcecode.swift; path = BoardView.swift; sourceTree = "<group>"; };
		FD65A3F1207156B33E185C3E /* AchievementRecord.swift */ = {isa = PBXFileReference; lastKnownFileType = sourcecode.swift; path = AchievementRecord.swift; sourceTree = "<group>"; };
/* End PBXFileReference section */

/* Begin PBXGroup section */
		00915315C1ED5BCAEC15CF17 /* LevelSelect */ = {
			isa = PBXGroup;
			children = (
				55027E64AE296BE7A654137F /* LevelSelectView.swift */,
				8E9B2A82F2B31E51BF7D73DC /* LevelSelectViewModel.swift */,
			);
			path = LevelSelect;
			sourceTree = "<group>";
		};
		15BD4B3F61146FBA89656F37 /* App */ = {
			isa = PBXGroup;
			children = (
				5ED9B290DA18511D97397681 /* ContentView.swift */,
				AA11223344556677889900AA /* SplashView.swift */,
				920F14666D46C59A5B096E01 /* IroPreApp.swift */,
			);
			path = App;
			sourceTree = "<group>";
		};
		1CCB70DE156338F10F87C591 /* Features */ = {
			isa = PBXGroup;
			children = (
				3A58E0ABF80C2455B5EFE702 /* Achievements */,
				4427BF9C120261C98AFC1B14 /* Game */,
				838D8ED58BDD56FDF271849B /* Home */,
				00915315C1ED5BCAEC15CF17 /* LevelSelect */,
				AA5658025ACD2412B56269CE /* Settings */,
				6F4445F87A7CDC8ED83FE61E /* Tutorial */,
			);
			path = Features;
			sourceTree = "<group>";
		};
		26FC8B75C40952823F414162 /* IroPre */ = {
			isa = PBXGroup;
			children = (
				15BD4B3F61146FBA89656F37 /* App */,
				38534464EC97827449C99686 /* Core */,
				79DD81475E12617E52D88DC8 /* Data */,
				1CCB70DE156338F10F87C591 /* Features */,
				6D21AF43195CACD6889C2C1C /* Resources */,
				4172DD50D7A4B767DF1EF047 /* Utilities */,
			);
			path = IroPre;
			sourceTree = "<group>";
		};
		38534464EC97827449C99686 /* Core */ = {
			isa = PBXGroup;
			children = (
				87E27AFDD84EEBEB17CF99FA /* Engine */,
				492C0633A8C21416DCCB1036 /* Models */,
				447B0E6FCA49C739A57FF2BB /* Theme */,
			);
			path = Core;
			sourceTree = "<group>";
		};
		3A58E0ABF80C2455B5EFE702 /* Achievements */ = {
			isa = PBXGroup;
			children = (
				CE13FBDB0C52A4F87E4B63EB /* AchievementsView.swift */,
				A4583AD37DD497742033F00D /* AchievementsViewModel.swift */,
			);
			path = Achievements;
			sourceTree = "<group>";
		};
		4172DD50D7A4B767DF1EF047 /* Utilities */ = {
			isa = PBXGroup;
			children = (
				6CFB2906B83EFB7B8226DA22 /* Constants.swift */,
				CC11223344556677889900CC /* HapticsManager.swift */,
				EE11223344556677889900EE /* SoundManager.swift */,
				5808B1F87428A2979B7D39C4 /* Extensions */,
			);
			path = Utilities;
			sourceTree = "<group>";
		};
		4427BF9C120261C98AFC1B14 /* Game */ = {
			isa = PBXGroup;
			children = (
				FCF26098B3A3ED41A6BA9082 /* BoardView.swift */,
				13CAB4BB5D9F79135007F30A /* GameView.swift */,
				25D147F194AC53A3A3549FB7 /* GameViewModel.swift */,
				531BFC910409E6DEDCED1E7F /* PaletteView.swift */,
				A266F5B4F57C6F29480365F8 /* PauseOverlayView.swift */,
			);
			path = Game;
			sourceTree = "<group>";
		};
		447B0E6FCA49C739A57FF2BB /* Theme */ = {
			isa = PBXGroup;
			children = (
				A5391E23997F555059DA0ED1 /* AccessibilityMode.swift */,
				DEF6F8A34B7A9FAB51D07F80 /* ColorPalette.swift */,
				4F7C6ABAE566B08DEEAEDF4E /* FontManager.swift */,
			);
			path = Theme;
			sourceTree = "<group>";
		};
		492C0633A8C21416DCCB1036 /* Models */ = {
			isa = PBXGroup;
			children = (
				395886910B2CD1D01B3F84FB /* Achievement.swift */,
				0D34833362C144EF9C32E78C /* Cell.swift */,
				BE665527F0B4D3068C25F9F6 /* GameState.swift */,
				D391B660E45BDD8A34059420 /* Move.swift */,
				FB139849E1831F0EA2B417ED /* Puzzle.swift */,
			);
			path = Models;
			sourceTree = "<group>";
		};
		4E6A77BC30CEED05FEB285B6 /* Repository */ = {
			isa = PBXGroup;
			children = (
				6CD4ECFFBEBC98BD9A4D452E /* AchievementRepository.swift */,
				FCD228BBFC56DC0CAD99A795 /* GameRepository.swift */,
			);
			path = Repository;
			sourceTree = "<group>";
		};
		5808B1F87428A2979B7D39C4 /* Extensions */ = {
			isa = PBXGroup;
			children = (
				DFD467437CBCECD248438401 /* TimeInterval+Extensions.swift */,
				F219F8AB618D65A4D447A026 /* View+Extensions.swift */,
			);
			path = Extensions;
			sourceTree = "<group>";
		};
		66BBCB57B34D53465DAEB22F /* Storage */ = {
			isa = PBXGroup;
			children = (
				FD65A3F1207156B33E185C3E /* AchievementRecord.swift */,
				3C2705C5C74EFDC87CE7F42D /* ClearRecord.swift */,
				58162831A0FD273BE9EC8028 /* GameProgress.swift */,
				71F55FFE3EBB1AB1806167AC /* SwiftDataManager.swift */,
				959EBAC873C7AFCB70FD0A15 /* UserSettings.swift */,
			);
			path = Storage;
			sourceTree = "<group>";
		};
		6D21AF43195CACD6889C2C1C /* Resources */ = {
			isa = PBXGroup;
			children = (
				AC174F02347B811CDAF49C40 /* Assets.xcassets */,
				41713886E6D05110E8128819 /* Info.plist */,
			);
			path = Resources;
			sourceTree = "<group>";
		};
		6F4445F87A7CDC8ED83FE61E /* Tutorial */ = {
			isa = PBXGroup;
			children = (
				91448362BD62CB917578D429 /* TutorialView.swift */,
				F372E4735C34C307E5634083 /* TutorialViewModel.swift */,
			);
			path = Tutorial;
			sourceTree = "<group>";
		};
		79DD81475E12617E52D88DC8 /* Data */ = {
			isa = PBXGroup;
			children = (
				7D6E73A22707EC8B592CE7A9 /* Presets */,
				4E6A77BC30CEED05FEB285B6 /* Repository */,
				66BBCB57B34D53465DAEB22F /* Storage */,
			);
			path = Data;
			sourceTree = "<group>";
		};
		7D6E73A22707EC8B592CE7A9 /* Presets */ = {
			isa = PBXGroup;
			children = (
				EFC1FDCAC281B1A4399E1AB1 /* PuzzlePresets.json */,
			);
			path = Presets;
			sourceTree = "<group>";
		};
		838D8ED58BDD56FDF271849B /* Home */ = {
			isa = PBXGroup;
			children = (
				CC652166869B9ECAF930C768 /* HomeView.swift */,
				CC970901658A588A59F223FC /* HomeViewModel.swift */,
			);
			path = Home;
			sourceTree = "<group>";
		};
		87E27AFDD84EEBEB17CF99FA /* Engine */ = {
			isa = PBXGroup;
			children = (
				C751E4740C807D4E9EBC5796 /* HintEngine.swift */,
				3A7FCFA06C01B64CB695BCBD /* PuzzleGenerator.swift */,
				CA813C5665AF1A42F669AB36 /* PuzzleValidator.swift */,
			);
			path = Engine;
			sourceTree = "<group>";
		};
		AA5658025ACD2412B56269CE /* Settings */ = {
			isa = PBXGroup;
			children = (
				398B3CCAD520B9D60916C3E5 /* SettingsView.swift */,
				ADAFA4DF2B29BEC9FAA92D8E /* SettingsViewModel.swift */,
			);
			path = Settings;
			sourceTree = "<group>";
		};
		BC8D79397FD0DDDB51E9A270 /* Products */ = {
			isa = PBXGroup;
			children = (
				C4548B8850BC9EA32EC7B002 /* IroPre.app */,
				9509BEC50D2025C8DC7D9605 /* IroPreTests.xctest */,
			);
			name = Products;
			sourceTree = "<group>";
		};
		D05CC75C67552455924A7CAB /* IroPreTests */ = {
			isa = PBXGroup;
			children = (
				3B08568ECDD7E4BD65742D64 /* PuzzleGeneratorTests.swift */,
				1CA1D94A9ED367F9ED4F5096 /* PuzzleValidatorTests.swift */,
				A1B2C3D4E5F6A7B8C9D0E1F2 /* GameStateTests.swift */,
				C2D3E4F5A6B7C8D9E0F1A2B3 /* HintEngineTests.swift */,
			);
			path = IroPreTests;
			sourceTree = "<group>";
		};
		ED8AEAF982E5193A6597F2C1 = {
			isa = PBXGroup;
			children = (
				26FC8B75C40952823F414162 /* IroPre */,
				D05CC75C67552455924A7CAB /* IroPreTests */,
				BC8D79397FD0DDDB51E9A270 /* Products */,
			);
			sourceTree = "<group>";
		};
/* End PBXGroup section */

/* Begin PBXNativeTarget section */
		00AF4DBDB2848FD5103B2602 /* IroPreTests */ = {
			isa = PBXNativeTarget;
			buildConfigurationList = FBB2CB9C7537106879D345CE /* Build configuration list for PBXNativeTarget "IroPreTests" */;
			buildPhases = (
				6B51DCE1EB84FA7E096CE798 /* Sources */,
			);
			buildRules = (
			);
			dependencies = (
				0D7E47952214ADB43E989F25 /* PBXTargetDependency */,
			);
			name = IroPreTests;
			packageProductDependencies = (
			);
			productName = IroPreTests;
			productReference = 9509BEC50D2025C8DC7D9605 /* IroPreTests.xctest */;
			productType = "com.apple.product-type.bundle.unit-test";
		};
		98E5B9EFF24CA1783975DB8A /* IroPre */ = {
			isa = PBXNativeTarget;
			buildConfigurationList = 9CD6EA7C70FCA4CD773C5E41 /* Build configuration list for PBXNativeTarget "IroPre" */;
			buildPhases = (
				09FE94F73C560CCBA42D6A63 /* Sources */,
				4866AD021ECAC4666CF6F745 /* Resources */,
			);
			buildRules = (
			);
			dependencies = (
			);
			name = IroPre;
			packageProductDependencies = (
			);
			productName = IroPre;
			productReference = C4548B8850BC9EA32EC7B002 /* IroPre.app */;
			productType = "com.apple.product-type.application";
		};
/* End PBXNativeTarget section */

/* Begin PBXProject section */
		222A0D9A7BB68A6E4385ECAA /* Project object */ = {
			isa = PBXProject;
			attributes = {
				BuildIndependentTargetsInParallel = YES;
				LastUpgradeCheck = 1620;
			};
			buildConfigurationList = 6E0293405105F93C60603C13 /* Build configuration list for PBXProject "IroPre" */;
			developmentRegion = en;
			hasScannedForEncodings = 0;
			knownRegions = (
				Base,
				en,
			);
			mainGroup = ED8AEAF982E5193A6597F2C1;
			minimizedProjectReferenceProxies = 1;
			preferredProjectObjectVersion = 77;
			productRefGroup = BC8D79397FD0DDDB51E9A270 /* Products */;
			projectDirPath = "";
			projectRoot = "";
			targets = (
				98E5B9EFF24CA1783975DB8A /* IroPre */,
				00AF4DBDB2848FD5103B2602 /* IroPreTests */,
			);
		};
/* End PBXProject section */

/* Begin PBXResourcesBuildPhase section */
		4866AD021ECAC4666CF6F745 /* Resources */ = {
			isa = PBXResourcesBuildPhase;
			buildActionMask = 2147483647;
			files = (
				0AB3CC1F9B990454A7755412 /* Assets.xcassets in Resources */,
				B38154BC68A86A3BE3A67989 /* PuzzlePresets.json in Resources */,
			);
			runOnlyForDeploymentPostprocessing = 0;
		};
/* End PBXResourcesBuildPhase section */

/* Begin PBXSourcesBuildPhase section */
		09FE94F73C560CCBA42D6A63 /* Sources */ = {
			isa = PBXSourcesBuildPhase;
			buildActionMask = 2147483647;
			files = (
				619B04FD4AB60C63E3430935 /* AccessibilityMode.swift in Sources */,
				8D2A55449C7CFFBAFBDDC044 /* Achievement.swift in Sources */,
				4F130C99DBF7C1D28816660E /* AchievementRecord.swift in Sources */,
				2BA20028ABFA403E5D177FF4 /* AchievementRepository.swift in Sources */,
				8B6D226573A4D4EE53B5501B /* AchievementsView.swift in Sources */,
				EB707C45B97789C0BCDCA6E2 /* AchievementsViewModel.swift in Sources */,
				DBD3E8BEBE880D794928E048 /* BoardView.swift in Sources */,
				51B5D5A5EFF65D8A760A00BE /* Cell.swift in Sources */,
				06381425517F0049C01BE7F1 /* ClearRecord.swift in Sources */,
				E312DF0CA2C885F1CB6809BF /* ColorPalette.swift in Sources */,
				2247DA29253726FFC02F390E /* Constants.swift in Sources */,
				E70B6EF0871301BBBD84E7CB /* ContentView.swift in Sources */,
				789C854DA7261E0F6F1AC847 /* FontManager.swift in Sources */,
				2A093EFF82FE976B5AAB8B18 /* GameProgress.swift in Sources */,
				22C56CBA3F4C5BA360586F73 /* GameRepository.swift in Sources */,
				25157F454CBAFD230989F7F3 /* GameState.swift in Sources */,
				71184361FFD2A5A6615B81E8 /* GameView.swift in Sources */,
				FC430B5479969F86CE965BFE /* GameViewModel.swift in Sources */,
				8E1626BD8A567336A373FD08 /* HintEngine.swift in Sources */,
				C3A2E4E434591BC8F98EE526 /* HomeView.swift in Sources */,
				2E18FC5B4AD1ECB71211BEE8 /* HomeViewModel.swift in Sources */,
				B4D22837A1891B44FDBDD43F /* IroPreApp.swift in Sources */,
				BD9770C6A898070066303A6E /* LevelSelectView.swift in Sources */,
				4CC2B0A774AF94B8FFD4CCC5 /* LevelSelectViewModel.swift in Sources */,
				0254D931981900D205555303 /* Move.swift in Sources */,
				EFE8E63D7E2998D6177E0309 /* PaletteView.swift in Sources */,
				B8F06F0B7F1FDDEA9D91DEC4 /* PauseOverlayView.swift in Sources */,
				EABE40D126323676EA86A8A0 /* Puzzle.swift in Sources */,
				DB7BC6A4A080EEDBC59135AC /* PuzzleGenerator.swift in Sources */,
				A857E589AE9F8A7D21584AA7 /* PuzzleValidator.swift in Sources */,
				CA496F9F51B4D19CF04EE698 /* SettingsView.swift in Sources */,
				5AD7DC03E0B80B1E0C1C6E87 /* SettingsViewModel.swift in Sources */,
				CDE36DEBF82744CC02BCB5CC /* SwiftDataManager.swift in Sources */,
				C58DFA0A3ECDF1EA0D40B7E4 /* TimeInterval+Extensions.swift in Sources */,
				0A64F072ABE1E01EF35B9985 /* TutorialView.swift in Sources */,
				64744C698C86EA4C963B3CDA /* TutorialViewModel.swift in Sources */,
				AFDDDC674584DEF50EBFBE35 /* UserSettings.swift in Sources */,
				0FACBF69A1BD43E425DD1DEC /* View+Extensions.swift in Sources */,
				BB11223344556677889900BB /* SplashView.swift in Sources */,
				DD11223344556677889900DD /* HapticsManager.swift in Sources */,
				FF11223344556677889900FF /* SoundManager.swift in Sources */,
			);
			runOnlyForDeploymentPostprocessing = 0;
		};
		6B51DCE1EB84FA7E096CE798 /* Sources */ = {
			isa = PBXSourcesBuildPhase;
			buildActionMask = 2147483647;
			files = (
				580AE18C75B73850C4EEC39E /* PuzzleGeneratorTests.swift in Sources */,
				6A32E7A5EE0E83EC11A62E62 /* PuzzleValidatorTests.swift in Sources */,
				5A1B2C3D4E5F6A7B8C9D0E1F /* GameStateTests.swift in Sources */,
				B1C2D3E4F5A6B7C8D9E0F1A2 /* HintEngineTests.swift in Sources */,
			);
			runOnlyForDeploymentPostprocessing = 0;
		};
/* End PBXSourcesBuildPhase section */

/* Begin PBXTargetDependency section */
		0D7E47952214ADB43E989F25 /* PBXTargetDependency */ = {
			isa = PBXTargetDependency;
			target = 98E5B9EFF24CA1783975DB8A /* IroPre */;
			targetProxy = A6012470A826B30FA5530247 /* PBXContainerItemProxy */;
		};
/* End PBXTargetDependency section */

/* Begin XCBuildConfiguration section */
		0A8A93FD79B4BC6B327E3EB2 /* Debug */ = {
			isa = XCBuildConfiguration;
			buildSettings = {
				BUNDLE_LOADER = "$(TEST_HOST)";
				IPHONEOS_DEPLOYMENT_TARGET = 18.0;
				LD_RUNPATH_SEARCH_PATHS = (
					"$(inherited)",
					"@executable_path/Frameworks",
					"@loader_path/Frameworks",
				);
				PRODUCT_BUNDLE_IDENTIFIER = com.example.IroPreTests;
				SDKROOT = iphoneos;
				SWIFT_VERSION = 6.0;
				TARGETED_DEVICE_FAMILY = "1,2";
				TEST_HOST = "$(BUILT_PRODUCTS_DIR)/IroPre.app/IroPre";
			};
			name = Debug;
		};
		53CF23405E88640996F36928 /* Release */ = {
			isa = XCBuildConfiguration;
			buildSettings = {
				ASSETCATALOG_COMPILER_APPICON_NAME = AppIcon;
				CODE_SIGN_IDENTITY = "iPhone Developer";
				CURRENT_PROJECT_VERSION = 1;
				DEVELOPMENT_TEAM = 7654VNZR2Y;
				ENABLE_PREVIEWS = YES;
				INFOPLIST_FILE = IroPre/Resources/Info.plist;
				INFOPLIST_KEY_UISupportedInterfaceOrientations = UIInterfaceOrientationPortrait;
				INFOPLIST_KEY_UISupportedInterfaceOrientations_iPad = UIInterfaceOrientationPortrait;
				IPHONEOS_DEPLOYMENT_TARGET = 17.6;
				LD_RUNPATH_SEARCH_PATHS = (
					"$(inherited)",
					"@executable_path/Frameworks",
				);
				MARKETING_VERSION = 1.0.0;
				PRODUCT_BUNDLE_IDENTIFIER = com.app.iropre;
				PRODUCT_NAME = IroPre;
				SDKROOT = iphoneos;
				SWIFT_VERSION = 6.0;
				TARGETED_DEVICE_FAMILY = "1,2";
			};
			name = Release;
		};
		64A214BE4FD2B65D1E319D7E /* Release */ = {
			isa = XCBuildConfiguration;
			buildSettings = {
				ALWAYS_SEARCH_USER_PATHS = NO;
				CLANG_ANALYZER_NONNULL = YES;
				CLANG_ANALYZER_NUMBER_OBJECT_CONVERSION = YES_AGGRESSIVE;
				CLANG_CXX_LANGUAGE_STANDARD = "gnu++14";
				CLANG_CXX_LIBRARY = "libc++";
				CLANG_ENABLE_MODULES = YES;
				CLANG_ENABLE_OBJC_ARC = YES;
				CLANG_ENABLE_OBJC_WEAK = YES;
				CLANG_WARN_BLOCK_CAPTURE_AUTORELEASING = YES;
				CLANG_WARN_BOOL_CONVERSION = YES;
				CLANG_WARN_COMMA = YES;
				CLANG_WARN_CONSTANT_CONVERSION = YES;
				CLANG_WARN_DEPRECATED_OBJC_IMPLEMENTATIONS = YES;
				CLANG_WARN_DIRECT_OBJC_ISA_USAGE = YES_ERROR;
				CLANG_WARN_DOCUMENTATION_COMMENTS = YES;
				CLANG_WARN_EMPTY_BODY = YES;
				CLANG_WARN_ENUM_CONVERSION = YES;
				CLANG_WARN_INFINITE_RECURSION = YES;
				CLANG_WARN_INT_CONVERSION = YES;
				CLANG_WARN_NON_LITERAL_NULL_CONVERSION = YES;
				CLANG_WARN_OBJC_IMPLICIT_RETAIN_SELF = YES;
				CLANG_WARN_OBJC_LITERAL_CONVERSION = YES;
				CLANG_WARN_OBJC_ROOT_CLASS = YES_ERROR;
				CLANG_WARN_QUOTED_INCLUDE_IN_FRAMEWORK_HEADER = YES;
				CLANG_WARN_RANGE_LOOP_ANALYSIS = YES;
				CLANG_WARN_STRICT_PROTOTYPES = YES;
				CLANG_WARN_SUSPICIOUS_MOVE = YES;
				CLANG_WARN_UNGUARDED_AVAILABILITY = YES_AGGRESSIVE;
				CLANG_WARN_UNREACHABLE_CODE = YES;
				CLANG_WARN__DUPLICATE_METHOD_MATCH = YES;
				COPY_PHASE_STRIP = NO;
				DEBUG_INFORMATION_FORMAT = "dwarf-with-dsym";
				ENABLE_NS_ASSERTIONS = NO;
				ENABLE_STRICT_OBJC_MSGSEND = YES;
				ENABLE_USER_SCRIPT_SANDBOXING = YES;
				GCC_C_LANGUAGE_STANDARD = gnu11;
				GCC_NO_COMMON_BLOCKS = YES;
				GCC_WARN_64_TO_32_BIT_CONVERSION = YES;
				GCC_WARN_ABOUT_RETURN_TYPE = YES_ERROR;
				GCC_WARN_UNDECLARED_SELECTOR = YES;
				GCC_WARN_UNINITIALIZED_AUTOS = YES_AGGRESSIVE;
				GCC_WARN_UNUSED_FUNCTION = YES;
				GCC_WARN_UNUSED_VARIABLE = YES;
				IPHONEOS_DEPLOYMENT_TARGET = 18.0;
				MTL_ENABLE_DEBUG_INFO = NO;
				MTL_FAST_MATH = YES;
				PRODUCT_NAME = "$(TARGET_NAME)";
				SDKROOT = iphoneos;
				SUPPORTS_MAC_DESIGNED_FOR_IPAD = NO;
				SWIFT_COMPILATION_MODE = wholemodule;
				SWIFT_OPTIMIZATION_LEVEL = "-O";
				SWIFT_STRICT_CONCURRENCY = complete;
				SWIFT_VERSION = 6.0;
				TARGETED_DEVICE_FAMILY = 1;
			};
			name = Release;
		};
		B48D91CA010608B02E4A3F44 /* Debug */ = {
			isa = XCBuildConfiguration;
			buildSettings = {
				ASSETCATALOG_COMPILER_APPICON_NAME = AppIcon;
				CODE_SIGN_IDENTITY = "iPhone Developer";
				CURRENT_PROJECT_VERSION = 1;
				DEVELOPMENT_TEAM = 7654VNZR2Y;
				ENABLE_PREVIEWS = YES;
				INFOPLIST_FILE = IroPre/Resources/Info.plist;
				INFOPLIST_KEY_UISupportedInterfaceOrientations = UIInterfaceOrientationPortrait;
				INFOPLIST_KEY_UISupportedInterfaceOrientations_iPad = UIInterfaceOrientationPortrait;
				IPHONEOS_DEPLOYMENT_TARGET = 17.6;
				LD_RUNPATH_SEARCH_PATHS = (
					"$(inherited)",
					"@executable_path/Frameworks",
				);
				MARKETING_VERSION = 1.0.0;
				PRODUCT_BUNDLE_IDENTIFIER = com.app.iropre;
				PRODUCT_NAME = IroPre;
				SDKROOT = iphoneos;
				SWIFT_VERSION = 6.0;
				TARGETED_DEVICE_FAMILY = "1,2";
			};
			name = Debug;
		};
		D2265735F6C461467268F6A9 /* Debug */ = {
			isa = XCBuildConfiguration;
			buildSettings = {
				ALWAYS_SEARCH_USER_PATHS = NO;
				CLANG_ANALYZER_NONNULL = YES;
				CLANG_ANALYZER_NUMBER_OBJECT_CONVERSION = YES_AGGRESSIVE;
				CLANG_CXX_LANGUAGE_STANDARD = "gnu++14";
				CLANG_CXX_LIBRARY = "libc++";
				CLANG_ENABLE_MODULES = YES;
				CLANG_ENABLE_OBJC_ARC = YES;
				CLANG_ENABLE_OBJC_WEAK = YES;
				CLANG_WARN_BLOCK_CAPTURE_AUTORELEASING = YES;
				CLANG_WARN_BOOL_CONVERSION = YES;
				CLANG_WARN_COMMA = YES;
				CLANG_WARN_CONSTANT_CONVERSION = YES;
				CLANG_WARN_DEPRECATED_OBJC_IMPLEMENTATIONS = YES;
				CLANG_WARN_DIRECT_OBJC_ISA_USAGE = YES_ERROR;
				CLANG_WARN_DOCUMENTATION_COMMENTS = YES;
				CLANG_WARN_EMPTY_BODY = YES;
				CLANG_WARN_ENUM_CONVERSION = YES;
				CLANG_WARN_INFINITE_RECURSION = YES;
				CLANG_WARN_INT_CONVERSION = YES;
				CLANG_WARN_NON_LITERAL_NULL_CONVERSION = YES;
				CLANG_WARN_OBJC_IMPLICIT_RETAIN_SELF = YES;
				CLANG_WARN_OBJC_LITERAL_CONVERSION = YES;
				CLANG_WARN_OBJC_ROOT_CLASS = YES_ERROR;
				CLANG_WARN_QUOTED_INCLUDE_IN_FRAMEWORK_HEADER = YES;
				CLANG_WARN_RANGE_LOOP_ANALYSIS = YES;
				CLANG_WARN_STRICT_PROTOTYPES = YES;
				CLANG_WARN_SUSPICIOUS_MOVE = YES;
				CLANG_WARN_UNGUARDED_AVAILABILITY = YES_AGGRESSIVE;
				CLANG_WARN_UNREACHABLE_CODE = YES;
				CLANG_WARN__DUPLICATE_METHOD_MATCH = YES;
				COPY_PHASE_STRIP = NO;
				DEBUG_INFORMATION_FORMAT = dwarf;
				ENABLE_STRICT_OBJC_MSGSEND = YES;
				ENABLE_TESTABILITY = YES;
				ENABLE_USER_SCRIPT_SANDBOXING = YES;
				GCC_C_LANGUAGE_STANDARD = gnu11;
				GCC_DYNAMIC_NO_PIC = NO;
				GCC_NO_COMMON_BLOCKS = YES;
				GCC_OPTIMIZATION_LEVEL = 0;
				GCC_PREPROCESSOR_DEFINITIONS = (
					"$(inherited)",
					"DEBUG=1",
				);
				GCC_WARN_64_TO_32_BIT_CONVERSION = YES;
				GCC_WARN_ABOUT_RETURN_TYPE = YES_ERROR;
				GCC_WARN_UNDECLARED_SELECTOR = YES;
				GCC_WARN_UNINITIALIZED_AUTOS = YES_AGGRESSIVE;
				GCC_WARN_UNUSED_FUNCTION = YES;
				GCC_WARN_UNUSED_VARIABLE = YES;
				IPHONEOS_DEPLOYMENT_TARGET = 18.0;
				MTL_ENABLE_DEBUG_INFO = INCLUDE_SOURCE;
				MTL_FAST_MATH = YES;
				ONLY_ACTIVE_ARCH = YES;
				PRODUCT_NAME = "$(TARGET_NAME)";
				SDKROOT = iphoneos;
				SUPPORTS_MAC_DESIGNED_FOR_IPAD = NO;
				SWIFT_ACTIVE_COMPILATION_CONDITIONS = DEBUG;
				SWIFT_OPTIMIZATION_LEVEL = "-Onone";
				SWIFT_STRICT_CONCURRENCY = complete;
				SWIFT_VERSION = 6.0;
				TARGETED_DEVICE_FAMILY = 1;
			};
			name = Debug;
		};
		D63EDC54B54D08CCE29B60BD /* Release */ = {
			isa = XCBuildConfiguration;
			buildSettings = {
				BUNDLE_LOADER = "$(TEST_HOST)";
				IPHONEOS_DEPLOYMENT_TARGET = 18.0;
				LD_RUNPATH_SEARCH_PATHS = (
					"$(inherited)",
					"@executable_path/Frameworks",
					"@loader_path/Frameworks",
				);
				PRODUCT_BUNDLE_IDENTIFIER = com.example.IroPreTests;
				SDKROOT = iphoneos;
				SWIFT_VERSION = 6.0;
				TARGETED_DEVICE_FAMILY = "1,2";
				TEST_HOST = "$(BUILT_PRODUCTS_DIR)/IroPre.app/IroPre";
			};
			name = Release;
		};
/* End XCBuildConfiguration section */

/* Begin XCConfigurationList section */
		6E0293405105F93C60603C13 /* Build configuration list for PBXProject "IroPre" */ = {
			isa = XCConfigurationList;
			buildConfigurations = (
				D2265735F6C461467268F6A9 /* Debug */,
				64A214BE4FD2B65D1E319D7E /* Release */,
			);
			defaultConfigurationIsVisible = 0;
			defaultConfigurationName = Debug;
		};
		9CD6EA7C70FCA4CD773C5E41 /* Build configuration list for PBXNativeTarget "IroPre" */ = {
			isa = XCConfigurationList;
			buildConfigurations = (
				B48D91CA010608B02E4A3F44 /* Debug */,
				53CF23405E88640996F36928 /* Release */,
			);
			defaultConfigurationIsVisible = 0;
			defaultConfigurationName = Debug;
		};
		FBB2CB9C7537106879D345CE /* Build configuration list for PBXNativeTarget "IroPreTests" */ = {
			isa = XCConfigurationList;
			buildConfigurations = (
				0A8A93FD79B4BC6B327E3EB2 /* Debug */,
				D63EDC54B54D08CCE29B60BD /* Release */,
			);
			defaultConfigurationIsVisible = 0;
			defaultConfigurationName = Debug;
		};
/* End XCConfigurationList section */
	};
	rootObject = 222A0D9A7BB68A6E4385ECAA /* Project object */;
}
